
Microsoft Visual Studio Solution File, Format Version 12.00
# Visual Studio Version 17
VisualStudioVersion = 17.7.34031.279
MinimumVisualStudioVersion = 10.0.40219.1
Project("{FAE04EC0-301F-11D3-BF4B-00C04F79EFBC}") = "ForEachExamples", "ForEachExamples\ForEachExamples.csproj", "{770F9EA8-D9F0-45BA-A775-7275BBFEB649}"
EndProject
Global
	GlobalSection(SolutionConfigurationPlatforms) = preSolution
		Debug|Any CPU = Debug|Any CPU
		Release|Any CPU = Release|Any CPU
	EndGlobalSection
	GlobalSection(ProjectConfigurationPlatforms) = postSolution
		{770F9EA8-D9F0-45BA-A775-7275BBFEB649}.Debug|Any CPU.ActiveCfg = Debug|Any CPU
		{770F9EA8-D9F0-45BA-A775-7275BBFEB649}.Debug|Any CPU.Build.0 = Debug|Any CPU
		{770F9EA8-D9F0-45BA-A775-7275BBFEB649}.Release|Any CPU.ActiveCfg = Release|Any CPU
		{770F9EA8-D9F0-45BA-A775-7275BBFEB649}.Release|Any CPU.Build.0 = Release|Any CPU
	EndGlobalSection
	GlobalSection(SolutionProperties) = preSolution
		HideSolutionNode = FALSE
	EndGlobalSection
	GlobalSection(ExtensibilityGlobals) = postSolution
		SolutionGuid = {E73550B3-8911-47D7-B1D0-892E60EB11E5}
	EndGlobalSection
EndGlobal
